
Microsoft Visual Studio Solution File, Format Version 12.00
# Visual Studio Version 16
VisualStudioVersion = 16.0.32630.194
MinimumVisualStudioVersion = 10.0.40219.1
Project("{FAE04EC0-301F-11D3-BF4B-00C04F79EFBC}") = "AddressBook", "AddressBook\AddressBook.csproj", "{A714CC6D-2058-4BEB-83D3-44C58B5E6461}"
EndProject
Global
	GlobalSection(SolutionConfigurationPlatforms) = preSolution
		Debug|Any CPU = Debug|Any CPU
		Release|Any CPU = Release|Any CPU
	EndGlobalSection
	GlobalSection(ProjectConfigurationPlatforms) = postSolution
		{A714CC6D-2058-4BEB-83D3-44C58B5E6461}.Debug|Any CPU.ActiveCfg = Debug|Any CPU
		{A714CC6D-2058-4BEB-83D3-44C58B5E6461}.Debug|Any CPU.Build.0 = Debug|Any CPU
		{A714CC6D-2058-4BEB-83D3-44C58B5E6461}.Release|Any CPU.ActiveCfg = Release|Any CPU
		{A714CC6D-2058-4BEB-83D3-44C58B5E6461}.Release|Any CPU.Build.0 = Release|Any CPU
	EndGlobalSection
	GlobalSection(SolutionProperties) = preSolution
		HideSolutionNode = FALSE
	EndGlobalSection
	GlobalSection(ExtensibilityGlobals) = postSolution
		SolutionGuid = {F6DA5D84-2D26-40B1-9AE2-7E6A067EDEE9}
	EndGlobalSection
EndGlobal
